<?xml version="1.0" encoding="utf-8"?>
<Project ToolsVersion="4.0" xmlns="http://schemas.microsoft.com/developer/msbuild/2003">
  <ItemGroup>
    <ApplicationDefinition Include="App.xaml" />
  </ItemGroup>
  <ItemGroup>
    <Page Include="MainWindow.xaml" />
  </ItemGroup>
  <ItemGroup>
    <Midl Include="App.idl" />
    <Midl Include="MainWindow.idl" />
  </ItemGroup>
  <ItemGroup>
    <ClCompile Include="pch.cpp" />
    <ClCompile Include="$(GeneratedFilesDir)module.g.cpp" />
    <ClCompile Include="GstHelper.cpp" />
    <ClCompile Include="GstWinUI3Window.cpp" />
    <ClCompile Include="GstWinUI3VideoSink.cpp" />
  </ItemGroup>
  <ItemGroup>
    <ClInclude Include="pch.h" />
    <ClInclude Include="GstHelper.h" />
    <ClInclude Include="GstWinUI3Window.h" />
    <ClInclude Include="GstWinUI3VideoSink.h" />
  </ItemGroup>
  <ItemGroup>
    <Filter Include="Assets">
      <UniqueIdentifier>{e48dc53e-40b1-40cb-970a-f89935452892}</UniqueIdentifier>
    </Filter>
  </ItemGroup>
  <ItemGroup>
    <None Include="PropertySheet.props" />
    <None Include="packages.config" />
    <None Include="$(GST_INSTALL_PATH)\bin\avcodec-58.dll">
      <Filter>Assets</Filter>
    </None>
    <None Include="$(GST_INSTALL_PATH)\bin\avfilter-7.dll">
      <Filter>Assets</Filter>
    </None>
    <None Include="$(GST_INSTALL_PATH)\bin\avformat-58.dll">
      <Filter>Assets</Filter>
    </None>
    <None Include="$(GST_INSTALL_PATH)\bin\avutil-56.dll">
      <Filter>Assets</Filter>
    </None>
    <None Include="$(GST_INSTALL_PATH)\bin\bz2.dll">
      <Filter>Assets</Filter>
    </None>
    <None Include="$(GST_INSTALL_PATH)\bin\cairo-2.dll">
      <Filter>Assets</Filter>
    </None>
    <None Include="$(GST_INSTALL_PATH)\bin\cairo-gobject-2.dll">
      <Filter>Assets</Filter>
    </None>
    <None Include="$(GST_INSTALL_PATH)\bin\cairo-script-interpreter-2.dll">
      <Filter>Assets</Filter>
    </None>
    <None Include="$(GST_INSTALL_PATH)\bin\dv-4.dll">
      <Filter>Assets</Filter>
    </None>
    <None Include="$(GST_INSTALL_PATH)\bin\ffi-7.dll">
      <Filter>Assets</Filter>
    </None>
    <None Include="$(GST_INSTALL_PATH)\bin\fontconfig-1.dll">
      <Filter>Assets</Filter>
    </None>
    <None Include="$(GST_INSTALL_PATH)\bin\fribidi-0.dll">
      <Filter>Assets</Filter>
    </None>
    <None Include="$(GST_INSTALL_PATH)\bin\gdk_pixbuf-2.0-0.dll">
      <Filter>Assets</Filter>
    </None>
    <None Include="$(GST_INSTALL_PATH)\bin\ges-1.0-0.dll">
      <Filter>Assets</Filter>
    </None>
    <None Include="$(GST_INSTALL_PATH)\bin\gio-2.0-0.dll">
      <Filter>Assets</Filter>
    </None>
    <None Include="$(GST_INSTALL_PATH)\bin\glib-2.0-0.dll">
      <Filter>Assets</Filter>
    </None>
    <None Include="$(GST_INSTALL_PATH)\bin\gmodule-2.0-0.dll">
      <Filter>Assets</Filter>
    </None>
    <None Include="$(GST_INSTALL_PATH)\bin\gobject-2.0-0.dll">
      <Filter>Assets</Filter>
    </None>
    <None Include="$(GST_INSTALL_PATH)\bin\graphene-1.0-0.dll">
      <Filter>Assets</Filter>
    </None>
    <None Include="$(GST_INSTALL_PATH)\bin\gstadaptivedemux-1.0-0.dll">
      <Filter>Assets</Filter>
    </None>
    <None Include="$(GST_INSTALL_PATH)\bin\gstallocators-1.0-0.dll">
      <Filter>Assets</Filter>
    </None>
    <None Include="$(GST_INSTALL_PATH)\bin\gstapp-1.0-0.dll">
      <Filter>Assets</Filter>
    </None>
    <None Include="$(GST_INSTALL_PATH)\bin\gstaudio-1.0-0.dll">
      <Filter>Assets</Filter>
    </None>
    <None Include="$(GST_INSTALL_PATH)\bin\gstbadaudio-1.0-0.dll">
      <Filter>Assets</Filter>
    </None>
    <None Include="$(GST_INSTALL_PATH)\bin\gstbase-1.0-0.dll">
      <Filter>Assets</Filter>
    </None>
    <None Include="$(GST_INSTALL_PATH)\bin\gstbasecamerabinsrc-1.0-0.dll">
      <Filter>Assets</Filter>
    </None>
    <None Include="$(GST_INSTALL_PATH)\bin\gstcheck-1.0-0.dll">
      <Filter>Assets</Filter>
    </None>
    <None Include="$(GST_INSTALL_PATH)\bin\gstcodecparsers-1.0-0.dll">
      <Filter>Assets</Filter>
    </None>
    <None Include="$(GST_INSTALL_PATH)\bin\gstcodecs-1.0-0.dll">
      <Filter>Assets</Filter>
    </None>
    <None Include="$(GST_INSTALL_PATH)\bin\gstcontroller-1.0-0.dll">
      <Filter>Assets</Filter>
    </None>
    <None Include="$(GST_INSTALL_PATH)\bin\gstd3d11-1.0-0.dll">
      <Filter>Assets</Filter>
    </None>
    <None Include="$(GST_INSTALL_PATH)\bin\gstfft-1.0-0.dll">
      <Filter>Assets</Filter>
    </None>
    <None Include="$(GST_INSTALL_PATH)\bin\gstgl-1.0-0.dll">
      <Filter>Assets</Filter>
    </None>
    <None Include="$(GST_INSTALL_PATH)\bin\gstinsertbin-1.0-0.dll">
      <Filter>Assets</Filter>
    </None>
    <None Include="$(GST_INSTALL_PATH)\bin\gstisoff-1.0-0.dll">
      <Filter>Assets</Filter>
    </None>
    <None Include="$(GST_INSTALL_PATH)\bin\gstmpegts-1.0-0.dll">
      <Filter>Assets</Filter>
    </None>
    <None Include="$(GST_INSTALL_PATH)\bin\gstnet-1.0-0.dll">
      <Filter>Assets</Filter>
    </None>
    <None Include="$(GST_INSTALL_PATH)\bin\gstpbutils-1.0-0.dll">
      <Filter>Assets</Filter>
    </None>
    <None Include="$(GST_INSTALL_PATH)\bin\gstphotography-1.0-0.dll">
      <Filter>Assets</Filter>
    </None>
    <None Include="$(GST_INSTALL_PATH)\bin\gstplay-1.0-0.dll">
      <Filter>Assets</Filter>
    </None>
    <None Include="$(GST_INSTALL_PATH)\bin\gstplayer-1.0-0.dll">
      <Filter>Assets</Filter>
    </None>
    <None Include="$(GST_INSTALL_PATH)\bin\gstreamer-1.0-0.dll">
      <Filter>Assets</Filter>
    </None>
    <None Include="$(GST_INSTALL_PATH)\bin\gstriff-1.0-0.dll">
      <Filter>Assets</Filter>
    </None>
    <None Include="$(GST_INSTALL_PATH)\bin\gstrtp-1.0-0.dll">
      <Filter>Assets</Filter>
    </None>
    <None Include="$(GST_INSTALL_PATH)\bin\gstrtsp-1.0-0.dll">
      <Filter>Assets</Filter>
    </None>
    <None Include="$(GST_INSTALL_PATH)\bin\gstrtspserver-1.0-0.dll">
      <Filter>Assets</Filter>
    </None>
    <None Include="$(GST_INSTALL_PATH)\bin\gstsctp-1.0-0.dll">
      <Filter>Assets</Filter>
    </None>
    <None Include="$(GST_INSTALL_PATH)\bin\gstsdp-1.0-0.dll">
      <Filter>Assets</Filter>
    </None>
    <None Include="$(GST_INSTALL_PATH)\bin\gsttag-1.0-0.dll">
      <Filter>Assets</Filter>
    </None>
    <None Include="$(GST_INSTALL_PATH)\bin\gsttranscoder-1.0-0.dll">
      <Filter>Assets</Filter>
    </None>
    <None Include="$(GST_INSTALL_PATH)\bin\gsturidownloader-1.0-0.dll">
      <Filter>Assets</Filter>
    </None>
    <None Include="$(GST_INSTALL_PATH)\bin\gstvalidate-1.0-0.dll">
      <Filter>Assets</Filter>
    </None>
    <None Include="$(GST_INSTALL_PATH)\bin\gstvideo-1.0-0.dll">
      <Filter>Assets</Filter>
    </None>
    <None Include="$(GST_INSTALL_PATH)\bin\gstwebrtc-1.0-0.dll">
      <Filter>Assets</Filter>
    </None>
    <None Include="$(GST_INSTALL_PATH)\bin\gthread-2.0-0.dll">
      <Filter>Assets</Filter>
    </None>
    <None Include="$(GST_INSTALL_PATH)\bin\harfbuzz.dll">
      <Filter>Assets</Filter>
    </None>
    <None Include="$(GST_INSTALL_PATH)\bin\intl-8.dll">
      <Filter>Assets</Filter>
    </None>
    <None Include="$(GST_INSTALL_PATH)\bin\json-glib-1.0-0.dll">
      <Filter>Assets</Filter>
    </None>
    <None Include="$(GST_INSTALL_PATH)\bin\libass-9.dll">
      <Filter>Assets</Filter>
    </None>
    <None Include="$(GST_INSTALL_PATH)\bin\libcharset-1.dll">
      <Filter>Assets</Filter>
    </None>
    <None Include="$(GST_INSTALL_PATH)\bin\libcroco-0.6-3.dll">
      <Filter>Assets</Filter>
    </None>
    <None Include="$(GST_INSTALL_PATH)\bin\libcrypto-1_1-x64.dll">
      <Filter>Assets</Filter>
    </None>
    <None Include="$(GST_INSTALL_PATH)\bin\libdca-0.dll">
      <Filter>Assets</Filter>
    </None>
    <None Include="$(GST_INSTALL_PATH)\bin\libexpat-1.dll">
      <Filter>Assets</Filter>
    </None>
    <None Include="$(GST_INSTALL_PATH)\bin\libFLAC-8.dll">
      <Filter>Assets</Filter>
    </None>
    <None Include="$(GST_INSTALL_PATH)\bin\libfreetype-6.dll">
      <Filter>Assets</Filter>
    </None>
    <None Include="$(GST_INSTALL_PATH)\bin\libgcc_s_seh-1.dll">
      <Filter>Assets</Filter>
    </None>
    <None Include="$(GST_INSTALL_PATH)\bin\libiconv-2.dll">
      <Filter>Assets</Filter>
    </None>
    <None Include="$(GST_INSTALL_PATH)\bin\libjpeg-8.dll">
      <Filter>Assets</Filter>
    </None>
    <None Include="$(GST_INSTALL_PATH)\bin\libkate-1.dll">
      <Filter>Assets</Filter>
    </None>
    <None Include="$(GST_INSTALL_PATH)\bin\libmms-0.dll">
      <Filter>Assets</Filter>
    </None>
    <None Include="$(GST_INSTALL_PATH)\bin\libmp3lame-0.dll">
      <Filter>Assets</Filter>
    </None>
    <None Include="$(GST_INSTALL_PATH)\bin\libmpg123-0.dll">
      <Filter>Assets</Filter>
    </None>
    <None Include="$(GST_INSTALL_PATH)\bin\libogg-0.dll">
      <Filter>Assets</Filter>
    </None>
    <None Include="$(GST_INSTALL_PATH)\bin\liboggkate-1.dll">
      <Filter>Assets</Filter>
    </None>
    <None Include="$(GST_INSTALL_PATH)\bin\libopencore-amrnb-0.dll">
      <Filter>Assets</Filter>
    </None>
    <None Include="$(GST_INSTALL_PATH)\bin\libopencore-amrwb-0.dll">
      <Filter>Assets</Filter>
    </None>
    <None Include="$(GST_INSTALL_PATH)\bin\libopenjp2.dll">
      <Filter>Assets</Filter>
    </None>
    <None Include="$(GST_INSTALL_PATH)\bin\libpng16-16.dll">
      <Filter>Assets</Filter>
    </None>
    <None Include="$(GST_INSTALL_PATH)\bin\librsvg-2-2.dll">
      <Filter>Assets</Filter>
    </None>
    <None Include="$(GST_INSTALL_PATH)\bin\librtmp-1.dll">
      <Filter>Assets</Filter>
    </None>
    <None Include="$(GST_INSTALL_PATH)\bin\libsbc-1.dll">
      <Filter>Assets</Filter>
    </None>
    <None Include="$(GST_INSTALL_PATH)\bin\libspandsp-2.dll">
      <Filter>Assets</Filter>
    </None>
    <None Include="$(GST_INSTALL_PATH)\bin\libspeex-1.dll">
      <Filter>Assets</Filter>
    </None>
    <None Include="$(GST_INSTALL_PATH)\bin\libsrt.dll">
      <Filter>Assets</Filter>
    </None>
    <None Include="$(GST_INSTALL_PATH)\bin\libssl-1_1-x64.dll">
      <Filter>Assets</Filter>
    </None>
    <None Include="$(GST_INSTALL_PATH)\bin\libstdc++-6.dll">
      <Filter>Assets</Filter>
    </None>
    <None Include="$(GST_INSTALL_PATH)\bin\libtheora-0.dll">
      <Filter>Assets</Filter>
    </None>
    <None Include="$(GST_INSTALL_PATH)\bin\libtheoradec-1.dll">
      <Filter>Assets</Filter>
    </None>
    <None Include="$(GST_INSTALL_PATH)\bin\libtheoraenc-1.dll">
      <Filter>Assets</Filter>
    </None>
    <None Include="$(GST_INSTALL_PATH)\bin\libtiff-5.dll">
      <Filter>Assets</Filter>
    </None>
    <None Include="$(GST_INSTALL_PATH)\bin\libturbojpeg-0.dll">
      <Filter>Assets</Filter>
    </None>
    <None Include="$(GST_INSTALL_PATH)\bin\libvo-aacenc-0.dll">
      <Filter>Assets</Filter>
    </None>
    <None Include="$(GST_INSTALL_PATH)\bin\libvorbis-0.dll">
      <Filter>Assets</Filter>
    </None>
    <None Include="$(GST_INSTALL_PATH)\bin\libvorbisenc-2.dll">
      <Filter>Assets</Filter>
    </None>
    <None Include="$(GST_INSTALL_PATH)\bin\libvorbisfile-3.dll">
      <Filter>Assets</Filter>
    </None>
    <None Include="$(GST_INSTALL_PATH)\bin\libwinpthread-1.dll">
      <Filter>Assets</Filter>
    </None>
    <None Include="$(GST_INSTALL_PATH)\bin\libx264-157.dll">
      <Filter>Assets</Filter>
    </None>
    <None Include="$(GST_INSTALL_PATH)\bin\libxml2-2.dll">
      <Filter>Assets</Filter>
    </None>
    <None Include="$(GST_INSTALL_PATH)\bin\libzbar-0.dll">
      <Filter>Assets</Filter>
    </None>
    <None Include="$(GST_INSTALL_PATH)\bin\nice-10.dll">
      <Filter>Assets</Filter>
    </None>
    <None Include="$(GST_INSTALL_PATH)\bin\openh264-6.dll">
      <Filter>Assets</Filter>
    </None>
    <None Include="$(GST_INSTALL_PATH)\bin\opus-0.dll">
      <Filter>Assets</Filter>
    </None>
    <None Include="$(GST_INSTALL_PATH)\bin\orc-0.4-0.dll">
      <Filter>Assets</Filter>
    </None>
    <None Include="$(GST_INSTALL_PATH)\bin\orc-test-0.4-0.dll">
      <Filter>Assets</Filter>
    </None>
    <None Include="$(GST_INSTALL_PATH)\bin\pango-1.0-0.dll">
      <Filter>Assets</Filter>
    </None>
    <None Include="$(GST_INSTALL_PATH)\bin\pangocairo-1.0-0.dll">
      <Filter>Assets</Filter>
    </None>
    <None Include="$(GST_INSTALL_PATH)\bin\pangoft2-1.0-0.dll">
      <Filter>Assets</Filter>
    </None>
    <None Include="$(GST_INSTALL_PATH)\bin\pangowin32-1.0-0.dll">
      <Filter>Assets</Filter>
    </None>
    <None Include="$(GST_INSTALL_PATH)\bin\pixman-1-0.dll">
      <Filter>Assets</Filter>
    </None>
    <None Include="$(GST_INSTALL_PATH)\bin\psl-5.dll">
      <Filter>Assets</Filter>
    </None>
    <None Include="$(GST_INSTALL_PATH)\bin\soup-2.4-1.dll">
      <Filter>Assets</Filter>
    </None>
    <None Include="$(GST_INSTALL_PATH)\bin\sqlite3-0.dll">
      <Filter>Assets</Filter>
    </None>
    <None Include="$(GST_INSTALL_PATH)\bin\srtp2-1.dll">
      <Filter>Assets</Filter>
    </None>
    <None Include="$(GST_INSTALL_PATH)\bin\swresample-3.dll">
      <Filter>Assets</Filter>
    </None>
    <None Include="$(GST_INSTALL_PATH)\bin\z-1.dll">
      <Filter>Assets</Filter>
    </None>
    <None Include="$(GST_INSTALL_PATH)\lib\gstreamer-1.0\gstaccurip.dll">
      <Filter>Assets</Filter>
    </None>
    <None Include="$(GST_INSTALL_PATH)\lib\gstreamer-1.0\gstadder.dll">
      <Filter>Assets</Filter>
    </None>
    <None Include="$(GST_INSTALL_PATH)\lib\gstreamer-1.0\gstadpcmdec.dll">
      <Filter>Assets</Filter>
    </None>
    <None Include="$(GST_INSTALL_PATH)\lib\gstreamer-1.0\gstadpcmenc.dll">
      <Filter>Assets</Filter>
    </None>
    <None Include="$(GST_INSTALL_PATH)\lib\gstreamer-1.0\gstaiff.dll">
      <Filter>Assets</Filter>
    </None>
    <None Include="$(GST_INSTALL_PATH)\lib\gstreamer-1.0\gstalaw.dll">
      <Filter>Assets</Filter>
    </None>
    <None Include="$(GST_INSTALL_PATH)\lib\gstreamer-1.0\gstalpha.dll">
      <Filter>Assets</Filter>
    </None>
    <None Include="$(GST_INSTALL_PATH)\lib\gstreamer-1.0\gstalphacolor.dll">
      <Filter>Assets</Filter>
    </None>
    <None Include="$(GST_INSTALL_PATH)\lib\gstreamer-1.0\gstamrnb.dll">
      <Filter>Assets</Filter>
    </None>
    <None Include="$(GST_INSTALL_PATH)\lib\gstreamer-1.0\gstamrwbdec.dll">
      <Filter>Assets</Filter>
    </None>
    <None Include="$(GST_INSTALL_PATH)\lib\gstreamer-1.0\gstapetag.dll">
      <Filter>Assets</Filter>
    </None>
    <None Include="$(GST_INSTALL_PATH)\lib\gstreamer-1.0\gstapp.dll">
      <Filter>Assets</Filter>
    </None>
    <None Include="$(GST_INSTALL_PATH)\lib\gstreamer-1.0\gstasf.dll">
      <Filter>Assets</Filter>
    </None>
    <None Include="$(GST_INSTALL_PATH)\lib\gstreamer-1.0\gstasfmux.dll">
      <Filter>Assets</Filter>
    </None>
    <None Include="$(GST_INSTALL_PATH)\lib\gstreamer-1.0\gstassrender.dll">
      <Filter>Assets</Filter>
    </None>
    <None Include="$(GST_INSTALL_PATH)\lib\gstreamer-1.0\gstaudiobuffersplit.dll">
      <Filter>Assets</Filter>
    </None>
    <None Include="$(GST_INSTALL_PATH)\lib\gstreamer-1.0\gstaudioconvert.dll">
      <Filter>Assets</Filter>
    </None>
    <None Include="$(GST_INSTALL_PATH)\lib\gstreamer-1.0\gstaudiofx.dll">
      <Filter>Assets</Filter>
    </None>
    <None Include="$(GST_INSTALL_PATH)\lib\gstreamer-1.0\gstaudiofxbad.dll">
      <Filter>Assets</Filter>
    </None>
    <None Include="$(GST_INSTALL_PATH)\lib\gstreamer-1.0\gstaudiolatency.dll">
      <Filter>Assets</Filter>
    </None>
    <None Include="$(GST_INSTALL_PATH)\lib\gstreamer-1.0\gstaudiomixer.dll">
      <Filter>Assets</Filter>
    </None>
    <None Include="$(GST_INSTALL_PATH)\lib\gstreamer-1.0\gstaudiomixmatrix.dll">
      <Filter>Assets</Filter>
    </None>
    <None Include="$(GST_INSTALL_PATH)\lib\gstreamer-1.0\gstaudioparsers.dll">
      <Filter>Assets</Filter>
    </None>
    <None Include="$(GST_INSTALL_PATH)\lib\gstreamer-1.0\gstaudiorate.dll">
      <Filter>Assets</Filter>
    </None>
    <None Include="$(GST_INSTALL_PATH)\lib\gstreamer-1.0\gstaudioresample.dll">
      <Filter>Assets</Filter>
    </None>
    <None Include="$(GST_INSTALL_PATH)\lib\gstreamer-1.0\gstaudiotestsrc.dll">
      <Filter>Assets</Filter>
    </None>
    <None Include="$(GST_INSTALL_PATH)\lib\gstreamer-1.0\gstaudiovisualizers.dll">
      <Filter>Assets</Filter>
    </None>
    <None Include="$(GST_INSTALL_PATH)\lib\gstreamer-1.0\gstauparse.dll">
      <Filter>Assets</Filter>
    </None>
    <None Include="$(GST_INSTALL_PATH)\lib\gstreamer-1.0\gstautoconvert.dll">
      <Filter>Assets</Filter>
    </None>
    <None Include="$(GST_INSTALL_PATH)\lib\gstreamer-1.0\gstautodetect.dll">
      <Filter>Assets</Filter>
    </None>
    <None Include="$(GST_INSTALL_PATH)\lib\gstreamer-1.0\gstavi.dll">
      <Filter>Assets</Filter>
    </None>
    <None Include="$(GST_INSTALL_PATH)\lib\gstreamer-1.0\gstbayer.dll">
      <Filter>Assets</Filter>
    </None>
    <None Include="$(GST_INSTALL_PATH)\lib\gstreamer-1.0\gstbz2.dll">
      <Filter>Assets</Filter>
    </None>
    <None Include="$(GST_INSTALL_PATH)\lib\gstreamer-1.0\gstcairo.dll">
      <Filter>Assets</Filter>
    </None>
    <None Include="$(GST_INSTALL_PATH)\lib\gstreamer-1.0\gstcamerabin.dll">
      <Filter>Assets</Filter>
    </None>
    <None Include="$(GST_INSTALL_PATH)\lib\gstreamer-1.0\gstclosedcaption.dll">
      <Filter>Assets</Filter>
    </None>
    <None Include="$(GST_INSTALL_PATH)\lib\gstreamer-1.0\gstcoloreffects.dll">
      <Filter>Assets</Filter>
    </None>
    <None Include="$(GST_INSTALL_PATH)\lib\gstreamer-1.0\gstcompositor.dll">
      <Filter>Assets</Filter>
    </None>
    <None Include="$(GST_INSTALL_PATH)\lib\gstreamer-1.0\gstcoreelements.dll">
      <Filter>Assets</Filter>
    </None>
    <None Include="$(GST_INSTALL_PATH)\lib\gstreamer-1.0\gstcoretracers.dll">
      <Filter>Assets</Filter>
    </None>
    <None Include="$(GST_INSTALL_PATH)\lib\gstreamer-1.0\gstcutter.dll">
      <Filter>Assets</Filter>
    </None>
    <None Include="$(GST_INSTALL_PATH)\lib\gstreamer-1.0\gstd3d.dll">
      <Filter>Assets</Filter>
    </None>
    <None Include="$(GST_INSTALL_PATH)\lib\gstreamer-1.0\gstd3d11.dll">
      <Filter>Assets</Filter>
    </None>
    <None Include="$(GST_INSTALL_PATH)\lib\gstreamer-1.0\gstdash.dll">
      <Filter>Assets</Filter>
    </None>
    <None Include="$(GST_INSTALL_PATH)\lib\gstreamer-1.0\gstdebug.dll">
      <Filter>Assets</Filter>
    </None>
    <None Include="$(GST_INSTALL_PATH)\lib\gstreamer-1.0\gstdebugutilsbad.dll">
      <Filter>Assets</Filter>
    </None>
    <None Include="$(GST_INSTALL_PATH)\lib\gstreamer-1.0\gstdecklink.dll">
      <Filter>Assets</Filter>
    </None>
    <None Include="$(GST_INSTALL_PATH)\lib\gstreamer-1.0\gstdeinterlace.dll">
      <Filter>Assets</Filter>
    </None>
    <None Include="$(GST_INSTALL_PATH)\lib\gstreamer-1.0\gstdirectsound.dll">
      <Filter>Assets</Filter>
    </None>
    <None Include="$(GST_INSTALL_PATH)\lib\gstreamer-1.0\gstdirectsoundsrc.dll">
      <Filter>Assets</Filter>
    </None>
    <None Include="$(GST_INSTALL_PATH)\lib\gstreamer-1.0\gstdtls.dll">
      <Filter>Assets</Filter>
    </None>
    <None Include="$(GST_INSTALL_PATH)\lib\gstreamer-1.0\gstdtmf.dll">
      <Filter>Assets</Filter>
    </None>
    <None Include="$(GST_INSTALL_PATH)\lib\gstreamer-1.0\gstdtsdec.dll">
      <Filter>Assets</Filter>
    </None>
    <None Include="$(GST_INSTALL_PATH)\lib\gstreamer-1.0\gstdv.dll">
      <Filter>Assets</Filter>
    </None>
    <None Include="$(GST_INSTALL_PATH)\lib\gstreamer-1.0\gstdvbsuboverlay.dll">
      <Filter>Assets</Filter>
    </None>
    <None Include="$(GST_INSTALL_PATH)\lib\gstreamer-1.0\gstdvdlpcmdec.dll">
      <Filter>Assets</Filter>
    </None>
    <None Include="$(GST_INSTALL_PATH)\lib\gstreamer-1.0\gstdvdspu.dll">
      <Filter>Assets</Filter>
    </None>
    <None Include="$(GST_INSTALL_PATH)\lib\gstreamer-1.0\gstdvdsub.dll">
      <Filter>Assets</Filter>
    </None>
    <None Include="$(GST_INSTALL_PATH)\lib\gstreamer-1.0\gsteffectv.dll">
      <Filter>Assets</Filter>
    </None>
    <None Include="$(GST_INSTALL_PATH)\lib\gstreamer-1.0\gstencoding.dll">
      <Filter>Assets</Filter>
    </None>
    <None Include="$(GST_INSTALL_PATH)\lib\gstreamer-1.0\gstequalizer.dll">
      <Filter>Assets</Filter>
    </None>
    <None Include="$(GST_INSTALL_PATH)\lib\gstreamer-1.0\gstfieldanalysis.dll">
      <Filter>Assets</Filter>
    </None>
    <None Include="$(GST_INSTALL_PATH)\lib\gstreamer-1.0\gstflac.dll">
      <Filter>Assets</Filter>
    </None>
    <None Include="$(GST_INSTALL_PATH)\lib\gstreamer-1.0\gstflv.dll">
      <Filter>Assets</Filter>
    </None>
    <None Include="$(GST_INSTALL_PATH)\lib\gstreamer-1.0\gstflxdec.dll">
      <Filter>Assets</Filter>
    </None>
    <None Include="$(GST_INSTALL_PATH)\lib\gstreamer-1.0\gstfreeverb.dll">
      <Filter>Assets</Filter>
    </None>
    <None Include="$(GST_INSTALL_PATH)\lib\gstreamer-1.0\gstfrei0r.dll">
      <Filter>Assets</Filter>
    </None>
    <None Include="$(GST_INSTALL_PATH)\lib\gstreamer-1.0\gstgaudieffects.dll">
      <Filter>Assets</Filter>
    </None>
    <None Include="$(GST_INSTALL_PATH)\lib\gstreamer-1.0\gstgdkpixbuf.dll">
      <Filter>Assets</Filter>
    </None>
    <None Include="$(GST_INSTALL_PATH)\lib\gstreamer-1.0\gstgdp.dll">
      <Filter>Assets</Filter>
    </None>
    <None Include="$(GST_INSTALL_PATH)\lib\gstreamer-1.0\gstgeometrictransform.dll">
      <Filter>Assets</Filter>
    </None>
    <None Include="$(GST_INSTALL_PATH)\lib\gstreamer-1.0\gstges.dll">
      <Filter>Assets</Filter>
    </None>
    <None Include="$(GST_INSTALL_PATH)\lib\gstreamer-1.0\gstgio.dll">
      <Filter>Assets</Filter>
    </None>
    <None Include="$(GST_INSTALL_PATH)\lib\gstreamer-1.0\gstgoom.dll">
      <Filter>Assets</Filter>
    </None>
    <None Include="$(GST_INSTALL_PATH)\lib\gstreamer-1.0\gstgoom2k1.dll">
      <Filter>Assets</Filter>
    </None>
    <None Include="$(GST_INSTALL_PATH)\lib\gstreamer-1.0\gsthls.dll">
      <Filter>Assets</Filter>
    </None>
    <None Include="$(GST_INSTALL_PATH)\lib\gstreamer-1.0\gsticydemux.dll">
      <Filter>Assets</Filter>
    </None>
    <None Include="$(GST_INSTALL_PATH)\lib\gstreamer-1.0\gstid3demux.dll">
      <Filter>Assets</Filter>
    </None>
    <None Include="$(GST_INSTALL_PATH)\lib\gstreamer-1.0\gstid3tag.dll">
      <Filter>Assets</Filter>
    </None>
    <None Include="$(GST_INSTALL_PATH)\lib\gstreamer-1.0\gstimagefreeze.dll">
      <Filter>Assets</Filter>
    </None>
    <None Include="$(GST_INSTALL_PATH)\lib\gstreamer-1.0\gstinter.dll">
      <Filter>Assets</Filter>
    </None>
    <None Include="$(GST_INSTALL_PATH)\lib\gstreamer-1.0\gstinterlace.dll">
      <Filter>Assets</Filter>
    </None>
    <None Include="$(GST_INSTALL_PATH)\lib\gstreamer-1.0\gstinterleave.dll">
      <Filter>Assets</Filter>
    </None>
    <None Include="$(GST_INSTALL_PATH)\lib\gstreamer-1.0\gstipcpipeline.dll">
      <Filter>Assets</Filter>
    </None>
    <None Include="$(GST_INSTALL_PATH)\lib\gstreamer-1.0\gstisomp4.dll">
      <Filter>Assets</Filter>
    </None>
    <None Include="$(GST_INSTALL_PATH)\lib\gstreamer-1.0\gstivtc.dll">
      <Filter>Assets</Filter>
    </None>
    <None Include="$(GST_INSTALL_PATH)\lib\gstreamer-1.0\gstjpeg.dll">
      <Filter>Assets</Filter>
    </None>
    <None Include="$(GST_INSTALL_PATH)\lib\gstreamer-1.0\gstjpegformat.dll">
      <Filter>Assets</Filter>
    </None>
    <None Include="$(GST_INSTALL_PATH)\lib\gstreamer-1.0\gstkate.dll">
      <Filter>Assets</Filter>
    </None>
    <None Include="$(GST_INSTALL_PATH)\lib\gstreamer-1.0\gstladspa.dll">
      <Filter>Assets</Filter>
    </None>
    <None Include="$(GST_INSTALL_PATH)\lib\gstreamer-1.0\gstlame.dll">
      <Filter>Assets</Filter>
    </None>
    <None Include="$(GST_INSTALL_PATH)\lib\gstreamer-1.0\gstlegacyrawparse.dll">
      <Filter>Assets</Filter>
    </None>
    <None Include="$(GST_INSTALL_PATH)\lib\gstreamer-1.0\gstlevel.dll">
      <Filter>Assets</Filter>
    </None>
    <None Include="$(GST_INSTALL_PATH)\lib\gstreamer-1.0\gstlibav.dll">
      <Filter>Assets</Filter>
    </None>
    <None Include="$(GST_INSTALL_PATH)\lib\gstreamer-1.0\gstmatroska.dll">
      <Filter>Assets</Filter>
    </None>
    <None Include="$(GST_INSTALL_PATH)\lib\gstreamer-1.0\gstmediafoundation.dll">
      <Filter>Assets</Filter>
    </None>
    <None Include="$(GST_INSTALL_PATH)\lib\gstreamer-1.0\gstmidi.dll">
      <Filter>Assets</Filter>
    </None>
    <None Include="$(GST_INSTALL_PATH)\lib\gstreamer-1.0\gstmms.dll">
      <Filter>Assets</Filter>
    </None>
    <None Include="$(GST_INSTALL_PATH)\lib\gstreamer-1.0\gstmpegpsdemux.dll">
      <Filter>Assets</Filter>
    </None>
    <None Include="$(GST_INSTALL_PATH)\lib\gstreamer-1.0\gstmpegpsmux.dll">
      <Filter>Assets</Filter>
    </None>
    <None Include="$(GST_INSTALL_PATH)\lib\gstreamer-1.0\gstmpegtsdemux.dll">
      <Filter>Assets</Filter>
    </None>
    <None Include="$(GST_INSTALL_PATH)\lib\gstreamer-1.0\gstmpegtsmux.dll">
      <Filter>Assets</Filter>
    </None>
    <None Include="$(GST_INSTALL_PATH)\lib\gstreamer-1.0\gstmpg123.dll">
      <Filter>Assets</Filter>
    </None>
    <None Include="$(GST_INSTALL_PATH)\lib\gstreamer-1.0\gstmulaw.dll">
      <Filter>Assets</Filter>
    </None>
    <None Include="$(GST_INSTALL_PATH)\lib\gstreamer-1.0\gstmultifile.dll">
      <Filter>Assets</Filter>
    </None>
    <None Include="$(GST_INSTALL_PATH)\lib\gstreamer-1.0\gstmultipart.dll">
      <Filter>Assets</Filter>
    </None>
    <None Include="$(GST_INSTALL_PATH)\lib\gstreamer-1.0\gstmxf.dll">
      <Filter>Assets</Filter>
    </None>
    <None Include="$(GST_INSTALL_PATH)\lib\gstreamer-1.0\gstnetsim.dll">
      <Filter>Assets</Filter>
    </None>
    <None Include="$(GST_INSTALL_PATH)\lib\gstreamer-1.0\gstnice.dll">
      <Filter>Assets</Filter>
    </None>
    <None Include="$(GST_INSTALL_PATH)\lib\gstreamer-1.0\gstnle.dll">
      <Filter>Assets</Filter>
    </None>
    <None Include="$(GST_INSTALL_PATH)\lib\gstreamer-1.0\gstnvcodec.dll">
      <Filter>Assets</Filter>
    </None>
    <None Include="$(GST_INSTALL_PATH)\lib\gstreamer-1.0\gstogg.dll">
      <Filter>Assets</Filter>
    </None>
    <None Include="$(GST_INSTALL_PATH)\lib\gstreamer-1.0\gstopengl.dll">
      <Filter>Assets</Filter>
    </None>
    <None Include="$(GST_INSTALL_PATH)\lib\gstreamer-1.0\gstopenh264.dll">
      <Filter>Assets</Filter>
    </None>
    <None Include="$(GST_INSTALL_PATH)\lib\gstreamer-1.0\gstopenjpeg.dll">
      <Filter>Assets</Filter>
    </None>
    <None Include="$(GST_INSTALL_PATH)\lib\gstreamer-1.0\gstopus.dll">
      <Filter>Assets</Filter>
    </None>
    <None Include="$(GST_INSTALL_PATH)\lib\gstreamer-1.0\gstopusparse.dll">
      <Filter>Assets</Filter>
    </None>
    <None Include="$(GST_INSTALL_PATH)\lib\gstreamer-1.0\gstoverlaycomposition.dll">
      <Filter>Assets</Filter>
    </None>
    <None Include="$(GST_INSTALL_PATH)\lib\gstreamer-1.0\gstpango.dll">
      <Filter>Assets</Filter>
    </None>
    <None Include="$(GST_INSTALL_PATH)\lib\gstreamer-1.0\gstpcapparse.dll">
      <Filter>Assets</Filter>
    </None>
    <None Include="$(GST_INSTALL_PATH)\lib\gstreamer-1.0\gstplayback.dll">
      <Filter>Assets</Filter>
    </None>
    <None Include="$(GST_INSTALL_PATH)\lib\gstreamer-1.0\gstpng.dll">
      <Filter>Assets</Filter>
    </None>
    <None Include="$(GST_INSTALL_PATH)\lib\gstreamer-1.0\gstpnm.dll">
      <Filter>Assets</Filter>
    </None>
    <None Include="$(GST_INSTALL_PATH)\lib\gstreamer-1.0\gstproxy.dll">
      <Filter>Assets</Filter>
    </None>
    <None Include="$(GST_INSTALL_PATH)\lib\gstreamer-1.0\gstrawparse.dll">
      <Filter>Assets</Filter>
    </None>
    <None Include="$(GST_INSTALL_PATH)\lib\gstreamer-1.0\gstrealmedia.dll">
      <Filter>Assets</Filter>
    </None>
    <None Include="$(GST_INSTALL_PATH)\lib\gstreamer-1.0\gstremovesilence.dll">
      <Filter>Assets</Filter>
    </None>
    <None Include="$(GST_INSTALL_PATH)\lib\gstreamer-1.0\gstreplaygain.dll">
      <Filter>Assets</Filter>
    </None>
    <None Include="$(GST_INSTALL_PATH)\lib\gstreamer-1.0\gstrfbsrc.dll">
      <Filter>Assets</Filter>
    </None>
    <None Include="$(GST_INSTALL_PATH)\lib\gstreamer-1.0\gstrist.dll">
      <Filter>Assets</Filter>
    </None>
    <None Include="$(GST_INSTALL_PATH)\lib\gstreamer-1.0\gstrsvg.dll">
      <Filter>Assets</Filter>
    </None>
    <None Include="$(GST_INSTALL_PATH)\lib\gstreamer-1.0\gstrtmp.dll">
      <Filter>Assets</Filter>
    </None>
    <None Include="$(GST_INSTALL_PATH)\lib\gstreamer-1.0\gstrtmp2.dll">
      <Filter>Assets</Filter>
    </None>
    <None Include="$(GST_INSTALL_PATH)\lib\gstreamer-1.0\gstrtp.dll">
      <Filter>Assets</Filter>
    </None>
    <None Include="$(GST_INSTALL_PATH)\lib\gstreamer-1.0\gstrtpmanager.dll">
      <Filter>Assets</Filter>
    </None>
    <None Include="$(GST_INSTALL_PATH)\lib\gstreamer-1.0\gstrtpmanagerbad.dll">
      <Filter>Assets</Filter>
    </None>
    <None Include="$(GST_INSTALL_PATH)\lib\gstreamer-1.0\gstrtsp.dll">
      <Filter>Assets</Filter>
    </None>
    <None Include="$(GST_INSTALL_PATH)\lib\gstreamer-1.0\gstrtspclientsink.dll">
      <Filter>Assets</Filter>
    </None>
    <None Include="$(GST_INSTALL_PATH)\lib\gstreamer-1.0\gstsbc.dll">
      <Filter>Assets</Filter>
    </None>
    <None Include="$(GST_INSTALL_PATH)\lib\gstreamer-1.0\gstsctp.dll">
      <Filter>Assets</Filter>
    </None>
    <None Include="$(GST_INSTALL_PATH)\lib\gstreamer-1.0\gstsdpelem.dll">
      <Filter>Assets</Filter>
    </None>
    <None Include="$(GST_INSTALL_PATH)\lib\gstreamer-1.0\gstsegmentclip.dll">
      <Filter>Assets</Filter>
    </None>
    <None Include="$(GST_INSTALL_PATH)\lib\gstreamer-1.0\gstshapewipe.dll">
      <Filter>Assets</Filter>
    </None>
    <None Include="$(GST_INSTALL_PATH)\lib\gstreamer-1.0\gstsiren.dll">
      <Filter>Assets</Filter>
    </None>
    <None Include="$(GST_INSTALL_PATH)\lib\gstreamer-1.0\gstsmooth.dll">
      <Filter>Assets</Filter>
    </None>
    <None Include="$(GST_INSTALL_PATH)\lib\gstreamer-1.0\gstsmoothstreaming.dll">
      <Filter>Assets</Filter>
    </None>
    <None Include="$(GST_INSTALL_PATH)\lib\gstreamer-1.0\gstsmpte.dll">
      <Filter>Assets</Filter>
    </None>
    <None Include="$(GST_INSTALL_PATH)\lib\gstreamer-1.0\gstsoup.dll">
      <Filter>Assets</Filter>
    </None>
    <None Include="$(GST_INSTALL_PATH)\lib\gstreamer-1.0\gstspandsp.dll">
      <Filter>Assets</Filter>
    </None>
    <None Include="$(GST_INSTALL_PATH)\lib\gstreamer-1.0\gstspectrum.dll">
      <Filter>Assets</Filter>
    </None>
    <None Include="$(GST_INSTALL_PATH)\lib\gstreamer-1.0\gstspeed.dll">
      <Filter>Assets</Filter>
    </None>
    <None Include="$(GST_INSTALL_PATH)\lib\gstreamer-1.0\gstspeex.dll">
      <Filter>Assets</Filter>
    </None>
    <None Include="$(GST_INSTALL_PATH)\lib\gstreamer-1.0\gstsrt.dll">
      <Filter>Assets</Filter>
    </None>
    <None Include="$(GST_INSTALL_PATH)\lib\gstreamer-1.0\gstsrtp.dll">
      <Filter>Assets</Filter>
    </None>
    <None Include="$(GST_INSTALL_PATH)\lib\gstreamer-1.0\gstsubenc.dll">
      <Filter>Assets</Filter>
    </None>
    <None Include="$(GST_INSTALL_PATH)\lib\gstreamer-1.0\gstsubparse.dll">
      <Filter>Assets</Filter>
    </None>
    <None Include="$(GST_INSTALL_PATH)\lib\gstreamer-1.0\gsttcp.dll">
      <Filter>Assets</Filter>
    </None>
    <None Include="$(GST_INSTALL_PATH)\lib\gstreamer-1.0\gsttheora.dll">
      <Filter>Assets</Filter>
    </None>
    <None Include="$(GST_INSTALL_PATH)\lib\gstreamer-1.0\gsttimecode.dll">
      <Filter>Assets</Filter>
    </None>
    <None Include="$(GST_INSTALL_PATH)\lib\gstreamer-1.0\gsttypefindfunctions.dll">
      <Filter>Assets</Filter>
    </None>
    <None Include="$(GST_INSTALL_PATH)\lib\gstreamer-1.0\gstudp.dll">
      <Filter>Assets</Filter>
    </None>
    <None Include="$(GST_INSTALL_PATH)\lib\gstreamer-1.0\gstvideobox.dll">
      <Filter>Assets</Filter>
    </None>
    <None Include="$(GST_INSTALL_PATH)\lib\gstreamer-1.0\gstvideoconvert.dll">
      <Filter>Assets</Filter>
    </None>
    <None Include="$(GST_INSTALL_PATH)\lib\gstreamer-1.0\gstvideocrop.dll">
      <Filter>Assets</Filter>
    </None>
    <None Include="$(GST_INSTALL_PATH)\lib\gstreamer-1.0\gstvideofilter.dll">
      <Filter>Assets</Filter>
    </None>
    <None Include="$(GST_INSTALL_PATH)\lib\gstreamer-1.0\gstvideofiltersbad.dll">
      <Filter>Assets</Filter>
    </None>
    <None Include="$(GST_INSTALL_PATH)\lib\gstreamer-1.0\gstvideoframe_audiolevel.dll">
      <Filter>Assets</Filter>
    </None>
    <None Include="$(GST_INSTALL_PATH)\lib\gstreamer-1.0\gstvideomixer.dll">
      <Filter>Assets</Filter>
    </None>
    <None Include="$(GST_INSTALL_PATH)\lib\gstreamer-1.0\gstvideoparsersbad.dll">
      <Filter>Assets</Filter>
    </None>
    <None Include="$(GST_INSTALL_PATH)\lib\gstreamer-1.0\gstvideorate.dll">
      <Filter>Assets</Filter>
    </None>
    <None Include="$(GST_INSTALL_PATH)\lib\gstreamer-1.0\gstvideoscale.dll">
      <Filter>Assets</Filter>
    </None>
    <None Include="$(GST_INSTALL_PATH)\lib\gstreamer-1.0\gstvideotestsrc.dll">
      <Filter>Assets</Filter>
    </None>
    <None Include="$(GST_INSTALL_PATH)\lib\gstreamer-1.0\gstvoaacenc.dll">
      <Filter>Assets</Filter>
    </None>
    <None Include="$(GST_INSTALL_PATH)\lib\gstreamer-1.0\gstvolume.dll">
      <Filter>Assets</Filter>
    </None>
    <None Include="$(GST_INSTALL_PATH)\lib\gstreamer-1.0\gstvorbis.dll">
      <Filter>Assets</Filter>
    </None>
    <None Include="$(GST_INSTALL_PATH)\lib\gstreamer-1.0\gstvpx.dll">
      <Filter>Assets</Filter>
    </None>
    <None Include="$(GST_INSTALL_PATH)\lib\gstreamer-1.0\gstwasapi.dll">
      <Filter>Assets</Filter>
    </None>
    <None Include="$(GST_INSTALL_PATH)\lib\gstreamer-1.0\gstwasapi2.dll">
      <Filter>Assets</Filter>
    </None>
    <None Include="$(GST_INSTALL_PATH)\lib\gstreamer-1.0\gstwavenc.dll">
      <Filter>Assets</Filter>
    </None>
    <None Include="$(GST_INSTALL_PATH)\lib\gstreamer-1.0\gstwavparse.dll">
      <Filter>Assets</Filter>
    </None>
    <None Include="$(GST_INSTALL_PATH)\lib\gstreamer-1.0\gstwebrtc.dll">
      <Filter>Assets</Filter>
    </None>
    <None Include="$(GST_INSTALL_PATH)\lib\gstreamer-1.0\gstwinks.dll">
      <Filter>Assets</Filter>
    </None>
    <None Include="$(GST_INSTALL_PATH)\lib\gstreamer-1.0\gstwinscreencap.dll">
      <Filter>Assets</Filter>
    </None>
    <None Include="$(GST_INSTALL_PATH)\lib\gstreamer-1.0\gstx264.dll">
      <Filter>Assets</Filter>
    </None>
    <None Include="$(GST_INSTALL_PATH)\lib\gstreamer-1.0\gstxingmux.dll">
      <Filter>Assets</Filter>
    </None>
    <None Include="$(GST_INSTALL_PATH)\lib\gstreamer-1.0\gsty4mdec.dll">
      <Filter>Assets</Filter>
    </None>
    <None Include="$(GST_INSTALL_PATH)\lib\gstreamer-1.0\gsty4menc.dll">
      <Filter>Assets</Filter>
    </None>
    <None Include="$(GST_INSTALL_PATH)\lib\gstreamer-1.0\gstzbar.dll">
      <Filter>Assets</Filter>
    </None>
  </ItemGroup>
  <ItemGroup>
    <Text Include="readme.txt" />
  </ItemGroup>
  <ItemGroup>
    <Manifest Include="app.manifest" />
  </ItemGroup>
</Project>